
Microsoft Visual Studio Solution File, Format Version 12.00
# Visual Studio 14
VisualStudioVersion = 14.0.25420.1
MinimumVisualStudioVersion = 10.0.40219.1
Project("{FAE04EC0-301F-11D3-BF4B-00C04F79EFBC}") = "ApiShape", "ApiShape\ApiShape.csproj", "{5C017183-C38B-45D6-974A-5195C06C8204}"
EndProject
Project("{FAE04EC0-301F-11D3-BF4B-00C04F79EFBC}") = "Tests", "Tests\Tests.csproj", "{C6FCC086-66CD-4FB8-8227-1B1DF142F14B}"
EndProject
Project("{2150E333-8FDC-42A3-9474-1A3956D46DE8}") = "Solution Items", "Solution Items", "{C825D9A6-F522-49BC-B17A-4C3101EA3540}"
	ProjectSection(SolutionItems) = preProject
		appveyor.yml = appveyor.yml
	EndProjectSection
EndProject
Global
	GlobalSection(SolutionConfigurationPlatforms) = preSolution
		Debug|Any CPU = Debug|Any CPU
		Release|Any CPU = Release|Any CPU
	EndGlobalSection
	GlobalSection(ProjectConfigurationPlatforms) = postSolution
		{5C017183-C38B-45D6-974A-5195C06C8204}.Debug|Any CPU.ActiveCfg = Debug|Any CPU
		{5C017183-C38B-45D6-974A-5195C06C8204}.Debug|Any CPU.Build.0 = Debug|Any CPU
		{5C017183-C38B-45D6-974A-5195C06C8204}.Release|Any CPU.ActiveCfg = Release|Any CPU
		{5C017183-C38B-45D6-974A-5195C06C8204}.Release|Any CPU.Build.0 = Release|Any CPU
		{C6FCC086-66CD-4FB8-8227-1B1DF142F14B}.Debug|Any CPU.ActiveCfg = Debug|Any CPU
		{C6FCC086-66CD-4FB8-8227-1B1DF142F14B}.Debug|Any CPU.Build.0 = Debug|Any CPU
		{C6FCC086-66CD-4FB8-8227-1B1DF142F14B}.Release|Any CPU.ActiveCfg = Release|Any CPU
		{C6FCC086-66CD-4FB8-8227-1B1DF142F14B}.Release|Any CPU.Build.0 = Release|Any CPU
	EndGlobalSection
	GlobalSection(SolutionProperties) = preSolution
		HideSolutionNode = FALSE
	EndGlobalSection
EndGlobal
